
Microsoft Visual Studio Solution File, Format Version 12.00
Project("{FAE04EC0-301F-11D3-BF4B-00C04F79EFBC}") = "Core", "Core\Core.csproj", "{03074C55-8EAB-4EE0-9304-67FBD367AC06}"
EndProject
Project("{FAE04EC0-301F-11D3-BF4B-00C04F79EFBC}") = "Calculator", "Calculator\Calculator.csproj", "{56D55624-8C8F-4540-BBA4-AA4D1903E595}"
EndProject
Project("{FAE04EC0-301F-11D3-BF4B-00C04F79EFBC}") = "ComplexNumberTests", "ComplexNumberTests\ComplexNumberTests.csproj", "{97F56CEC-A679-45A6-850A-BB07D43E9C5D}"
EndProject
Global
	GlobalSection(SolutionConfigurationPlatforms) = preSolution
		Debug|Any CPU = Debug|Any CPU
		Release|Any CPU = Release|Any CPU
	EndGlobalSection
	GlobalSection(ProjectConfigurationPlatforms) = postSolution
		{03074C55-8EAB-4EE0-9304-67FBD367AC06}.Debug|Any CPU.ActiveCfg = Debug|Any CPU
		{03074C55-8EAB-4EE0-9304-67FBD367AC06}.Debug|Any CPU.Build.0 = Debug|Any CPU
		{03074C55-8EAB-4EE0-9304-67FBD367AC06}.Release|Any CPU.ActiveCfg = Release|Any CPU
		{03074C55-8EAB-4EE0-9304-67FBD367AC06}.Release|Any CPU.Build.0 = Release|Any CPU
		{56D55624-8C8F-4540-BBA4-AA4D1903E595}.Debug|Any CPU.ActiveCfg = Debug|Any CPU
		{56D55624-8C8F-4540-BBA4-AA4D1903E595}.Debug|Any CPU.Build.0 = Debug|Any CPU
		{56D55624-8C8F-4540-BBA4-AA4D1903E595}.Release|Any CPU.ActiveCfg = Release|Any CPU
		{56D55624-8C8F-4540-BBA4-AA4D1903E595}.Release|Any CPU.Build.0 = Release|Any CPU
		{97F56CEC-A679-45A6-850A-BB07D43E9C5D}.Debug|Any CPU.ActiveCfg = Debug|Any CPU
		{97F56CEC-A679-45A6-850A-BB07D43E9C5D}.Debug|Any CPU.Build.0 = Debug|Any CPU
		{97F56CEC-A679-45A6-850A-BB07D43E9C5D}.Release|Any CPU.ActiveCfg = Release|Any CPU
		{97F56CEC-A679-45A6-850A-BB07D43E9C5D}.Release|Any CPU.Build.0 = Release|Any CPU
	EndGlobalSection
EndGlobal
