
Microsoft Visual Studio Solution File, Format Version 12.00
# Visual Studio Version 17
VisualStudioVersion = 17.3.32922.545
MinimumVisualStudioVersion = 10.0.40219.1
Project("{9A19103F-16F7-4668-BE54-9A1E7A4F7556}") = "Mosaic", "Mosaic\Mosaic.csproj", "{BAAAD012-4047-4220-A476-E9C432F3FC1E}"
EndProject
Project("{FAE04EC0-301F-11D3-BF4B-00C04F79EFBC}") = "Mosaic.Test", "Mosaic.Test\Mosaic.Test.csproj", "{2BD750D6-37D8-4F3B-AD51-AF35D8AB4590}"
EndProject
Global
	GlobalSection(SolutionConfigurationPlatforms) = preSolution
		Debug|Any CPU = Debug|Any CPU
		Release|Any CPU = Release|Any CPU
	EndGlobalSection
	GlobalSection(ProjectConfigurationPlatforms) = postSolution
		{BAAAD012-4047-4220-A476-E9C432F3FC1E}.Debug|Any CPU.ActiveCfg = Debug|Any CPU
		{BAAAD012-4047-4220-A476-E9C432F3FC1E}.Debug|Any CPU.Build.0 = Debug|Any CPU
		{BAAAD012-4047-4220-A476-E9C432F3FC1E}.Release|Any CPU.ActiveCfg = Release|Any CPU
		{BAAAD012-4047-4220-A476-E9C432F3FC1E}.Release|Any CPU.Build.0 = Release|Any CPU
		{2BD750D6-37D8-4F3B-AD51-AF35D8AB4590}.Debug|Any CPU.ActiveCfg = Debug|Any CPU
		{2BD750D6-37D8-4F3B-AD51-AF35D8AB4590}.Debug|Any CPU.Build.0 = Debug|Any CPU
		{2BD750D6-37D8-4F3B-AD51-AF35D8AB4590}.Release|Any CPU.ActiveCfg = Release|Any CPU
		{2BD750D6-37D8-4F3B-AD51-AF35D8AB4590}.Release|Any CPU.Build.0 = Release|Any CPU
	EndGlobalSection
	GlobalSection(SolutionProperties) = preSolution
		HideSolutionNode = FALSE
	EndGlobalSection
	GlobalSection(ExtensibilityGlobals) = postSolution
		SolutionGuid = {4BC72C42-3482-4430-85F7-6B56B062292D}
	EndGlobalSection
EndGlobal
