
Microsoft Visual Studio Solution File, Format Version 12.00
# Visual Studio Version 16
VisualStudioVersion = 16.0.31702.278
MinimumVisualStudioVersion = 10.0.40219.1
Project("{FAE04EC0-301F-11D3-BF4B-00C04F79EFBC}") = "EventCalendar", "EventCalendar\EventCalendar.csproj", "{298310C1-2603-4479-BDE8-CCC0D19CDC65}"
EndProject
Project("{FAE04EC0-301F-11D3-BF4B-00C04F79EFBC}") = "EventCalendar.Test", "EventCalendar.Test\EventCalendar.Test.csproj", "{BF12758B-62F2-4034-97B1-5D50B9BFCA1A}"
EndProject
Global
	GlobalSection(SolutionConfigurationPlatforms) = preSolution
		Debug|Any CPU = Debug|Any CPU
		Release|Any CPU = Release|Any CPU
	EndGlobalSection
	GlobalSection(ProjectConfigurationPlatforms) = postSolution
		{298310C1-2603-4479-BDE8-CCC0D19CDC65}.Debug|Any CPU.ActiveCfg = Debug|Any CPU
		{298310C1-2603-4479-BDE8-CCC0D19CDC65}.Debug|Any CPU.Build.0 = Debug|Any CPU
		{298310C1-2603-4479-BDE8-CCC0D19CDC65}.Release|Any CPU.ActiveCfg = Release|Any CPU
		{298310C1-2603-4479-BDE8-CCC0D19CDC65}.Release|Any CPU.Build.0 = Release|Any CPU
		{BF12758B-62F2-4034-97B1-5D50B9BFCA1A}.Debug|Any CPU.ActiveCfg = Debug|Any CPU
		{BF12758B-62F2-4034-97B1-5D50B9BFCA1A}.Debug|Any CPU.Build.0 = Debug|Any CPU
		{BF12758B-62F2-4034-97B1-5D50B9BFCA1A}.Release|Any CPU.ActiveCfg = Release|Any CPU
		{BF12758B-62F2-4034-97B1-5D50B9BFCA1A}.Release|Any CPU.Build.0 = Release|Any CPU
	EndGlobalSection
	GlobalSection(SolutionProperties) = preSolution
		HideSolutionNode = FALSE
	EndGlobalSection
	GlobalSection(ExtensibilityGlobals) = postSolution
		SolutionGuid = {D061A820-8B34-4C03-A427-F8805E212979}
	EndGlobalSection
EndGlobal
